// !$*UTF8*$!
{
	archiveVersion = 1;
	classes = {
	};
	objectVersion = 54;
	objects = {

/* Begin PBXBuildFile section */
		8BCC452BE6A9DAFEBE6D5106 /* Pods_Contacts.framework in Frameworks */ = {isa = PBXBuildFile; fileRef = E73E349C72EA33A0E9EB4446 /* Pods_Contacts.framework */; };
		99F8C5C72725A23F0045B8A2 /* AppDelegate.swift in Sources */ = {isa = PBXBuildFile; fileRef = 99F8C5C62725A23F0045B8A2 /* AppDelegate.swift */; };
		99F8C5C92725A23F0045B8A2 /* SceneDelegate.swift in Sources */ = {isa = PBXBuildFile; fileRef = 99F8C5C82725A23F0045B8A2 /* SceneDelegate.swift */; };
		99F8C5CE2725A23F0045B8A2 /* Main.storyboard in Resources */ = {isa = PBXBuildFile; fileRef = 99F8C5CC2725A23F0045B8A2 /* Main.storyboard */; };
		99F8C5D12725A23F0045B8A2 /* Contacts.xcdatamodeld in Sources */ = {isa = PBXBuildFile; fileRef = 99F8C5CF2725A23F0045B8A2 /* Contacts.xcdatamodeld */; };
		99F8C5D32725A2410045B8A2 /* Assets.xcassets in Resources */ = {isa = PBXBuildFile; fileRef = 99F8C5D22725A2410045B8A2 /* Assets.xcassets */; };
		99F8C5D62725A2410045B8A2 /* LaunchScreen.storyboard in Resources */ = {isa = PBXBuildFile; fileRef = 99F8C5D42725A2410045B8A2 /* LaunchScreen.storyboard */; };
		99F8C5DF2725A6140045B8A2 /* AppRegistry.swift in Sources */ = {isa = PBXBuildFile; fileRef = 99F8C5DE2725A6140045B8A2 /* AppRegistry.swift */; };
		99F8C5E22725A74B0045B8A2 /* HomeUICoordinator.swift in Sources */ = {isa = PBXBuildFile; fileRef = 99F8C5E12725A74B0045B8A2 /* HomeUICoordinator.swift */; };
		99F8C5E42725A7B20045B8A2 /* UICoordinatorType.swift in Sources */ = {isa = PBXBuildFile; fileRef = 99F8C5E32725A7B20045B8A2 /* UICoordinatorType.swift */; };
		99F8C5F6272660DF0045B8A2 /* CANavigationViewController.swift in Sources */ = {isa = PBXBuildFile; fileRef = 99F8C5F5272660DF0045B8A2 /* CANavigationViewController.swift */; };
		99F8C5F827266C580045B8A2 /* AppRegistry+HomeUICoordinator.swift in Sources */ = {isa = PBXBuildFile; fileRef = 99F8C5F727266C580045B8A2 /* AppRegistry+HomeUICoordinator.swift */; };
		99F8C5FB27266EA70045B8A2 /* HomeViewController.swift in Sources */ = {isa = PBXBuildFile; fileRef = 99F8C5FA27266EA60045B8A2 /* HomeViewController.swift */; };
		99F8C5FE272677820045B8A2 /* ContactDataSource.swift in Sources */ = {isa = PBXBuildFile; fileRef = 99F8C5FD272677820045B8A2 /* ContactDataSource.swift */; };
		99F8C602272679B30045B8A2 /* ContactViewModel.swift in Sources */ = {isa = PBXBuildFile; fileRef = 99F8C601272679B30045B8A2 /* ContactViewModel.swift */; };
		99F8C60427267A110045B8A2 /* DataProviderService.swift in Sources */ = {isa = PBXBuildFile; fileRef = 99F8C60327267A110045B8A2 /* DataProviderService.swift */; };
		99F8C60727267ABB0045B8A2 /* NetworkServiceRequest.swift in Sources */ = {isa = PBXBuildFile; fileRef = 99F8C60627267ABB0045B8A2 /* NetworkServiceRequest.swift */; };
		99F8C60927267B090045B8A2 /* WebServiceHelper.swift in Sources */ = {isa = PBXBuildFile; fileRef = 99F8C60827267B090045B8A2 /* WebServiceHelper.swift */; };
		99F8C60B27267B3D0045B8A2 /* JSONResponseDecoder.swift in Sources */ = {isa = PBXBuildFile; fileRef = 99F8C60A27267B3D0045B8A2 /* JSONResponseDecoder.swift */; };
		99F8C60E27267B850045B8A2 /* ContactListAPIModel.swift in Sources */ = {isa = PBXBuildFile; fileRef = 99F8C60D27267B850045B8A2 /* ContactListAPIModel.swift */; };
		99F8C610272685570045B8A2 /* HomeTableViewCell.swift in Sources */ = {isa = PBXBuildFile; fileRef = 99F8C60F272685570045B8A2 /* HomeTableViewCell.swift */; };
		99F8C6132726870B0045B8A2 /* ContactViewTile.swift in Sources */ = {isa = PBXBuildFile; fileRef = 99F8C6122726870B0045B8A2 /* ContactViewTile.swift */; };
		99F8C6152726C0DD0045B8A2 /* ContactDetailViewController.swift in Sources */ = {isa = PBXBuildFile; fileRef = 99F8C6142726C0DD0045B8A2 /* ContactDetailViewController.swift */; };
		99F8C6172726CB640045B8A2 /* CAViewController.swift in Sources */ = {isa = PBXBuildFile; fileRef = 99F8C6162726CB640045B8A2 /* CAViewController.swift */; };
		99F8C619272703E30045B8A2 /* DetailsActionView.swift in Sources */ = {isa = PBXBuildFile; fileRef = 99F8C618272703E30045B8A2 /* DetailsActionView.swift */; };
		99F8C61B27270AB70045B8A2 /* ContactDetailView.swift in Sources */ = {isa = PBXBuildFile; fileRef = 99F8C61A27270AB70045B8A2 /* ContactDetailView.swift */; };
/* End PBXBuildFile section */

/* Begin PBXFileReference section */
		60E1064F5D2FA7A11BA115F1 /* Pods-Contacts.release.xcconfig */ = {isa = PBXFileReference; includeInIndex = 1; lastKnownFileType = text.xcconfig; name = "Pods-Contacts.release.xcconfig"; path = "Target Support Files/Pods-Contacts/Pods-Contacts.release.xcconfig"; sourceTree = "<group>"; };
		789632E69BFD742460443D0D /* Pods-Contacts.debug.xcconfig */ = {isa = PBXFileReference; includeInIndex = 1; lastKnownFileType = text.xcconfig; name = "Pods-Contacts.debug.xcconfig"; path = "Target Support Files/Pods-Contacts/Pods-Contacts.debug.xcconfig"; sourceTree = "<group>"; };
		99F8C5C32725A23F0045B8A2 /* Contacts.app */ = {isa = PBXFileReference; explicitFileType = wrapper.application; includeInIndex = 0; path = Contacts.app; sourceTree = BUILT_PRODUCTS_DIR; };
		99F8C5C62725A23F0045B8A2 /* AppDelegate.swift */ = {isa = PBXFileReference; lastKnownFileType = sourcecode.swift; path = AppDelegate.swift; sourceTree = "<group>"; };
		99F8C5C82725A23F0045B8A2 /* SceneDelegate.swift */ = {isa = PBXFileReference; lastKnownFileType = sourcecode.swift; path = SceneDelegate.swift; sourceTree = "<group>"; };
		99F8C5CD2725A23F0045B8A2 /* Base */ = {isa = PBXFileReference; lastKnownFileType = file.storyboard; name = Base; path = Base.lproj/Main.storyboard; sourceTree = "<group>"; };
		99F8C5D02725A23F0045B8A2 /* Contacts.xcdatamodel */ = {isa = PBXFileReference; lastKnownFileType = wrapper.xcdatamodel; path = Contacts.xcdatamodel; sourceTree = "<group>"; };
		99F8C5D22725A2410045B8A2 /* Assets.xcassets */ = {isa = PBXFileReference; lastKnownFileType = folder.assetcatalog; path = Assets.xcassets; sourceTree = "<group>"; };
		99F8C5D52725A2410045B8A2 /* Base */ = {isa = PBXFileReference; lastKnownFileType = file.storyboard; name = Base; path = Base.lproj/LaunchScreen.storyboard; sourceTree = "<group>"; };
		99F8C5D72725A2410045B8A2 /* Info.plist */ = {isa = PBXFileReference; lastKnownFileType = text.plist.xml; path = Info.plist; sourceTree = "<group>"; };
		99F8C5DE2725A6140045B8A2 /* AppRegistry.swift */ = {isa = PBXFileReference; lastKnownFileType = sourcecode.swift; path = AppRegistry.swift; sourceTree = "<group>"; };
		99F8C5E12725A74B0045B8A2 /* HomeUICoordinator.swift */ = {isa = PBXFileReference; lastKnownFileType = sourcecode.swift; path = HomeUICoordinator.swift; sourceTree = "<group>"; };
		99F8C5E32725A7B20045B8A2 /* UICoordinatorType.swift */ = {isa = PBXFileReference; lastKnownFileType = sourcecode.swift; path = UICoordinatorType.swift; sourceTree = "<group>"; };
		99F8C5F5272660DF0045B8A2 /* CANavigationViewController.swift */ = {isa = PBXFileReference; lastKnownFileType = sourcecode.swift; path = CANavigationViewController.swift; sourceTree = "<group>"; };
		99F8C5F727266C580045B8A2 /* AppRegistry+HomeUICoordinator.swift */ = {isa = PBXFileReference; lastKnownFileType = sourcecode.swift; path = "AppRegistry+HomeUICoordinator.swift"; sourceTree = "<group>"; };
		99F8C5FA27266EA60045B8A2 /* HomeViewController.swift */ = {isa = PBXFileReference; lastKnownFileType = sourcecode.swift; path = HomeViewController.swift; sourceTree = "<group>"; };
		99F8C5FD272677820045B8A2 /* ContactDataSource.swift */ = {isa = PBXFileReference; lastKnownFileType = sourcecode.swift; path = ContactDataSource.swift; sourceTree = "<group>"; };
		99F8C601272679B30045B8A2 /* ContactViewModel.swift */ = {isa = PBXFileReference; lastKnownFileType = sourcecode.swift; path = ContactViewModel.swift; sourceTree = "<group>"; };
		99F8C60327267A110045B8A2 /* DataProviderService.swift */ = {isa = PBXFileReference; lastKnownFileType = sourcecode.swift; path = DataProviderService.swift; sourceTree = "<group>"; };
		99F8C60627267ABB0045B8A2 /* NetworkServiceRequest.swift */ = {isa = PBXFileReference; lastKnownFileType = sourcecode.swift; path = NetworkServiceRequest.swift; sourceTree = "<group>"; };
		99F8C60827267B090045B8A2 /* WebServiceHelper.swift */ = {isa = PBXFileReference; lastKnownFileType = sourcecode.swift; path = WebServiceHelper.swift; sourceTree = "<group>"; };
		99F8C60A27267B3D0045B8A2 /* JSONResponseDecoder.swift */ = {isa = PBXFileReference; lastKnownFileType = sourcecode.swift; path = JSONResponseDecoder.swift; sourceTree = "<group>"; };
		99F8C60D27267B850045B8A2 /* ContactListAPIModel.swift */ = {isa = PBXFileReference; lastKnownFileType = sourcecode.swift; path = ContactListAPIModel.swift; sourceTree = "<group>"; };
		99F8C60F272685570045B8A2 /* HomeTableViewCell.swift */ = {isa = PBXFileReference; lastKnownFileType = sourcecode.swift; path = HomeTableViewCell.swift; sourceTree = "<group>"; };
		99F8C6122726870B0045B8A2 /* ContactViewTile.swift */ = {isa = PBXFileReference; lastKnownFileType = sourcecode.swift; path = ContactViewTile.swift; sourceTree = "<group>"; };
		99F8C6142726C0DD0045B8A2 /* ContactDetailViewController.swift */ = {isa = PBXFileReference; lastKnownFileType = sourcecode.swift; path = ContactDetailViewController.swift; sourceTree = "<group>"; };
		99F8C6162726CB640045B8A2 /* CAViewController.swift */ = {isa = PBXFileReference; lastKnownFileType = sourcecode.swift; path = CAViewController.swift; sourceTree = "<group>"; };
		99F8C618272703E30045B8A2 /* DetailsActionView.swift */ = {isa = PBXFileReference; lastKnownFileType = sourcecode.swift; path = DetailsActionView.swift; sourceTree = "<group>"; };
		99F8C61A27270AB70045B8A2 /* ContactDetailView.swift */ = {isa = PBXFileReference; lastKnownFileType = sourcecode.swift; path = ContactDetailView.swift; sourceTree = "<group>"; };
		E73E349C72EA33A0E9EB4446 /* Pods_Contacts.framework */ = {isa = PBXFileReference; explicitFileType = wrapper.framework; includeInIndex = 0; path = Pods_Contacts.framework; sourceTree = BUILT_PRODUCTS_DIR; };
/* End PBXFileReference section */

/* Begin PBXFrameworksBuildPhase section */
		99F8C5C02725A23F0045B8A2 /* Frameworks */ = {
			isa = PBXFrameworksBuildPhase;
			buildActionMask = 2147483647;
			files = (
				8BCC452BE6A9DAFEBE6D5106 /* Pods_Contacts.framework in Frameworks */,
			);
			runOnlyForDeploymentPostprocessing = 0;
		};
/* End PBXFrameworksBuildPhase section */

/* Begin PBXGroup section */
		2636DE965697C3CB851929B0 /* Pods */ = {
			isa = PBXGroup;
			children = (
				789632E69BFD742460443D0D /* Pods-Contacts.debug.xcconfig */,
				60E1064F5D2FA7A11BA115F1 /* Pods-Contacts.release.xcconfig */,
			);
			path = Pods;
			sourceTree = "<group>";
		};
		99F8C5BA2725A23F0045B8A2 = {
			isa = PBXGroup;
			children = (
				99F8C5C52725A23F0045B8A2 /* Contacts */,
				99F8C5C42725A23F0045B8A2 /* Products */,
				2636DE965697C3CB851929B0 /* Pods */,
				B76AA6246FE37435DE0335D6 /* Frameworks */,
			);
			sourceTree = "<group>";
		};
		99F8C5C42725A23F0045B8A2 /* Products */ = {
			isa = PBXGroup;
			children = (
				99F8C5C32725A23F0045B8A2 /* Contacts.app */,
			);
			name = Products;
			sourceTree = "<group>";
		};
		99F8C5C52725A23F0045B8A2 /* Contacts */ = {
			isa = PBXGroup;
			children = (
				99F8C5C62725A23F0045B8A2 /* AppDelegate.swift */,
				99F8C5C82725A23F0045B8A2 /* SceneDelegate.swift */,
				99F8C60C27267B580045B8A2 /* Model */,
				99F8C60527267A930045B8A2 /* Networking */,
				99F8C600272679A10045B8A2 /* ViewModel */,
				99F8C5FF272679740045B8A2 /* Service */,
				99F8C5FC272677220045B8A2 /* DataSource */,
				99F8C5F927266E860045B8A2 /* ViewController */,
				99F8C611272686DF0045B8A2 /* ContactViewTile */,
				99F8C5F42726608A0045B8A2 /* UIKit */,
				99F8C5E02725A6CF0045B8A2 /* UICoordinator */,
				99F8C5DD2725A4BD0045B8A2 /* AppRegistry */,
				99F8C5CC2725A23F0045B8A2 /* Main.storyboard */,
				99F8C5D22725A2410045B8A2 /* Assets.xcassets */,
				99F8C5D42725A2410045B8A2 /* LaunchScreen.storyboard */,
				99F8C5D72725A2410045B8A2 /* Info.plist */,
				99F8C5CF2725A23F0045B8A2 /* Contacts.xcdatamodeld */,
			);
			path = Contacts;
			sourceTree = "<group>";
		};
		99F8C5DD2725A4BD0045B8A2 /* AppRegistry */ = {
			isa = PBXGroup;
			children = (
				99F8C5DE2725A6140045B8A2 /* AppRegistry.swift */,
				99F8C5F727266C580045B8A2 /* AppRegistry+HomeUICoordinator.swift */,
			);
			path = AppRegistry;
			sourceTree = "<group>";
		};
		99F8C5E02725A6CF0045B8A2 /* UICoordinator */ = {
			isa = PBXGroup;
			children = (
				99F8C5E12725A74B0045B8A2 /* HomeUICoordinator.swift */,
				99F8C5E32725A7B20045B8A2 /* UICoordinatorType.swift */,
			);
			path = UICoordinator;
			sourceTree = "<group>";
		};
		99F8C5F42726608A0045B8A2 /* UIKit */ = {
			isa = PBXGroup;
			children = (
				99F8C5F5272660DF0045B8A2 /* CANavigationViewController.swift */,
				99F8C6162726CB640045B8A2 /* CAViewController.swift */,
			);
			path = UIKit;
			sourceTree = "<group>";
		};
		99F8C5F927266E860045B8A2 /* ViewController */ = {
			isa = PBXGroup;
			children = (
				99F8C5FA27266EA60045B8A2 /* HomeViewController.swift */,
				99F8C6142726C0DD0045B8A2 /* ContactDetailViewController.swift */,
				99F8C60F272685570045B8A2 /* HomeTableViewCell.swift */,
			);
			path = ViewController;
			sourceTree = "<group>";
		};
		99F8C5FC272677220045B8A2 /* DataSource */ = {
			isa = PBXGroup;
			children = (
				99F8C5FD272677820045B8A2 /* ContactDataSource.swift */,
			);
			path = DataSource;
			sourceTree = "<group>";
		};
		99F8C5FF272679740045B8A2 /* Service */ = {
			isa = PBXGroup;
			children = (
				99F8C60327267A110045B8A2 /* DataProviderService.swift */,
			);
			path = Service;
			sourceTree = "<group>";
		};
		99F8C600272679A10045B8A2 /* ViewModel */ = {
			isa = PBXGroup;
			children = (
				99F8C601272679B30045B8A2 /* ContactViewModel.swift */,
			);
			path = ViewModel;
			sourceTree = "<group>";
		};
		99F8C60527267A930045B8A2 /* Networking */ = {
			isa = PBXGroup;
			children = (
				99F8C60627267ABB0045B8A2 /* NetworkServiceRequest.swift */,
				99F8C60827267B090045B8A2 /* WebServiceHelper.swift */,
				99F8C60A27267B3D0045B8A2 /* JSONResponseDecoder.swift */,
			);
			path = Networking;
			sourceTree = "<group>";
		};
		99F8C60C27267B580045B8A2 /* Model */ = {
			isa = PBXGroup;
			children = (
				99F8C60D27267B850045B8A2 /* ContactListAPIModel.swift */,
			);
			path = Model;
			sourceTree = "<group>";
		};
		99F8C611272686DF0045B8A2 /* ContactViewTile */ = {
			isa = PBXGroup;
			children = (
				99F8C6122726870B0045B8A2 /* ContactViewTile.swift */,
				99F8C618272703E30045B8A2 /* DetailsActionView.swift */,
				99F8C61A27270AB70045B8A2 /* ContactDetailView.swift */,
			);
			path = ContactViewTile;
			sourceTree = "<group>";
		};
		B76AA6246FE37435DE0335D6 /* Frameworks */ = {
			isa = PBXGroup;
			children = (
				E73E349C72EA33A0E9EB4446 /* Pods_Contacts.framework */,
			);
			name = Frameworks;
			sourceTree = "<group>";
		};
/* End PBXGroup section */

/* Begin PBXNativeTarget section */
		99F8C5C22725A23F0045B8A2 /* Contacts */ = {
			isa = PBXNativeTarget;
			buildConfigurationList = 99F8C5DA2725A2410045B8A2 /* Build configuration list for PBXNativeTarget "Contacts" */;
			buildPhases = (
				D06613C88936DA7F57C5FDBF /* [CP] Check Pods Manifest.lock */,
				99F8C5BF2725A23F0045B8A2 /* Sources */,
				99F8C5C02725A23F0045B8A2 /* Frameworks */,
				99F8C5C12725A23F0045B8A2 /* Resources */,
				D3C035278BB12FA4C77C2AF7 /* [CP] Embed Pods Frameworks */,
			);
			buildRules = (
			);
			dependencies = (
			);
			name = Contacts;
			productName = Contacts;
			productReference = 99F8C5C32725A23F0045B8A2 /* Contacts.app */;
			productType = "com.apple.product-type.application";
		};
/* End PBXNativeTarget section */

/* Begin PBXProject section */
		99F8C5BB2725A23F0045B8A2 /* Project object */ = {
			isa = PBXProject;
			attributes = {
				BuildIndependentTargetsInParallel = 1;
				LastSwiftUpdateCheck = 1300;
				LastUpgradeCheck = 1300;
				TargetAttributes = {
					99F8C5C22725A23F0045B8A2 = {
						CreatedOnToolsVersion = 13.0;
					};
				};
			};
			buildConfigurationList = 99F8C5BE2725A23F0045B8A2 /* Build configuration list for PBXProject "Contacts" */;
			compatibilityVersion = "Xcode 12.0";
			developmentRegion = en;
			hasScannedForEncodings = 0;
			knownRegions = (
				en,
				Base,
			);
			mainGroup = 99F8C5BA2725A23F0045B8A2;
			productRefGroup = 99F8C5C42725A23F0045B8A2 /* Products */;
			projectDirPath = "";
			projectRoot = "";
			targets = (
				99F8C5C22725A23F0045B8A2 /* Contacts */,
			);
		};
/* End PBXProject section */

/* Begin PBXResourcesBuildPhase section */
		99F8C5C12725A23F0045B8A2 /* Resources */ = {
			isa = PBXResourcesBuildPhase;
			buildActionMask = 2147483647;
			files = (
				99F8C5D62725A2410045B8A2 /* LaunchScreen.storyboard in Resources */,
				99F8C5D32725A2410045B8A2 /* Assets.xcassets in Resources */,
				99F8C5CE2725A23F0045B8A2 /* Main.storyboard in Resources */,
			);
			runOnlyForDeploymentPostprocessing = 0;
		};
/* End PBXResourcesBuildPhase section */

/* Begin PBXShellScriptBuildPhase section */
		D06613C88936DA7F57C5FDBF /* [CP] Check Pods Manifest.lock */ = {
			isa = PBXShellScriptBuildPhase;
			buildActionMask = 2147483647;
			files = (
			);
			inputFileListPaths = (
			);
			inputPaths = (
				"${PODS_PODFILE_DIR_PATH}/Podfile.lock",
				"${PODS_ROOT}/Manifest.lock",
			);
			name = "[CP] Check Pods Manifest.lock";
			outputFileListPaths = (
			);
			outputPaths = (
				"$(DERIVED_FILE_DIR)/Pods-Contacts-checkManifestLockResult.txt",
			);
			runOnlyForDeploymentPostprocessing = 0;
			shellPath = /bin/sh;
			shellScript = "diff \"${PODS_PODFILE_DIR_PATH}/Podfile.lock\" \"${PODS_ROOT}/Manifest.lock\" > /dev/null\nif [ $? != 0 ] ; then\n    # print error to STDERR\n    echo \"error: The sandbox is not in sync with the Podfile.lock. Run 'pod install' or update your CocoaPods installation.\" >&2\n    exit 1\nfi\n# This output is used by Xcode 'outputs' to avoid re-running this script phase.\necho \"SUCCESS\" > \"${SCRIPT_OUTPUT_FILE_0}\"\n";
			showEnvVarsInLog = 0;
		};
		D3C035278BB12FA4C77C2AF7 /* [CP] Embed Pods Frameworks */ = {
			isa = PBXShellScriptBuildPhase;
			buildActionMask = 2147483647;
			files = (
			);
			inputFileListPaths = (
				"${PODS_ROOT}/Target Support Files/Pods-Contacts/Pods-Contacts-frameworks-${CONFIGURATION}-input-files.xcfilelist",
			);
			name = "[CP] Embed Pods Frameworks";
			outputFileListPaths = (
				"${PODS_ROOT}/Target Support Files/Pods-Contacts/Pods-Contacts-frameworks-${CONFIGURATION}-output-files.xcfilelist",
			);
			runOnlyForDeploymentPostprocessing = 0;
			shellPath = /bin/sh;
			shellScript = "\"${PODS_ROOT}/Target Support Files/Pods-Contacts/Pods-Contacts-frameworks.sh\"\n";
			showEnvVarsInLog = 0;
		};
/* End PBXShellScriptBuildPhase section */

/* Begin PBXSourcesBuildPhase section */
		99F8C5BF2725A23F0045B8A2 /* Sources */ = {
			isa = PBXSourcesBuildPhase;
			buildActionMask = 2147483647;
			files = (
				99F8C60927267B090045B8A2 /* WebServiceHelper.swift in Sources */,
				99F8C5D12725A23F0045B8A2 /* Contacts.xcdatamodeld in Sources */,
				99F8C6152726C0DD0045B8A2 /* ContactDetailViewController.swift in Sources */,
				99F8C602272679B30045B8A2 /* ContactViewModel.swift in Sources */,
				99F8C5E22725A74B0045B8A2 /* HomeUICoordinator.swift in Sources */,
				99F8C60727267ABB0045B8A2 /* NetworkServiceRequest.swift in Sources */,
				99F8C5F6272660DF0045B8A2 /* CANavigationViewController.swift in Sources */,
				99F8C5DF2725A6140045B8A2 /* AppRegistry.swift in Sources */,
				99F8C6172726CB640045B8A2 /* CAViewController.swift in Sources */,
				99F8C60E27267B850045B8A2 /* ContactListAPIModel.swift in Sources */,
				99F8C5C72725A23F0045B8A2 /* AppDelegate.swift in Sources */,
				99F8C60427267A110045B8A2 /* DataProviderService.swift in Sources */,
				99F8C5FB27266EA70045B8A2 /* HomeViewController.swift in Sources */,
				99F8C5C92725A23F0045B8A2 /* SceneDelegate.swift in Sources */,
				99F8C60B27267B3D0045B8A2 /* JSONResponseDecoder.swift in Sources */,
				99F8C619272703E30045B8A2 /* DetailsActionView.swift in Sources */,
				99F8C6132726870B0045B8A2 /* ContactViewTile.swift in Sources */,
				99F8C5F827266C580045B8A2 /* AppRegistry+HomeUICoordinator.swift in Sources */,
				99F8C5E42725A7B20045B8A2 /* UICoordinatorType.swift in Sources */,
				99F8C610272685570045B8A2 /* HomeTableViewCell.swift in Sources */,
				99F8C61B27270AB70045B8A2 /* ContactDetailView.swift in Sources */,
				99F8C5FE272677820045B8A2 /* ContactDataSource.swift in Sources */,
			);
			runOnlyForDeploymentPostprocessing = 0;
		};
/* End PBXSourcesBuildPhase section */

/* Begin PBXVariantGroup section */
		99F8C5CC2725A23F0045B8A2 /* Main.storyboard */ = {
			isa = PBXVariantGroup;
			children = (
				99F8C5CD2725A23F0045B8A2 /* Base */,
			);
			name = Main.storyboard;
			sourceTree = "<group>";
		};
		99F8C5D42725A2410045B8A2 /* LaunchScreen.storyboard */ = {
			isa = PBXVariantGroup;
			children = (
				99F8C5D52725A2410045B8A2 /* Base */,
			);
			name = LaunchScreen.storyboard;
			sourceTree = "<group>";
		};
/* End PBXVariantGroup section */

/* Begin XCBuildConfiguration section */
		99F8C5D82725A2410045B8A2 /* Debug */ = {
			isa = XCBuildConfiguration;
			buildSettings = {
				ALWAYS_SEARCH_USER_PATHS = NO;
				CLANG_ANALYZER_NONNULL = YES;
				CLANG_ANALYZER_NUMBER_OBJECT_CONVERSION = YES_AGGRESSIVE;
				CLANG_CXX_LANGUAGE_STANDARD = "gnu++17";
				CLANG_CXX_LIBRARY = "libc++";
				CLANG_ENABLE_MODULES = YES;
				CLANG_ENABLE_OBJC_ARC = YES;
				CLANG_ENABLE_OBJC_WEAK = YES;
				CLANG_WARN_BLOCK_CAPTURE_AUTORELEASING = YES;
				CLANG_WARN_BOOL_CONVERSION = YES;
				CLANG_WARN_COMMA = YES;
				CLANG_WARN_CONSTANT_CONVERSION = YES;
				CLANG_WARN_DEPRECATED_OBJC_IMPLEMENTATIONS = YES;
				CLANG_WARN_DIRECT_OBJC_ISA_USAGE = YES_ERROR;
				CLANG_WARN_DOCUMENTATION_COMMENTS = YES;
				CLANG_WARN_EMPTY_BODY = YES;
				CLANG_WARN_ENUM_CONVERSION = YES;
				CLANG_WARN_INFINITE_RECURSION = YES;
				CLANG_WARN_INT_CONVERSION = YES;
				CLANG_WARN_NON_LITERAL_NULL_CONVERSION = YES;
				CLANG_WARN_OBJC_IMPLICIT_RETAIN_SELF = YES;
				CLANG_WARN_OBJC_LITERAL_CONVERSION = YES;
				CLANG_WARN_OBJC_ROOT_CLASS = YES_ERROR;
				CLANG_WARN_QUOTED_INCLUDE_IN_FRAMEWORK_HEADER = YES;
				CLANG_WARN_RANGE_LOOP_ANALYSIS = YES;
				CLANG_WARN_STRICT_PROTOTYPES = YES;
				CLANG_WARN_SUSPICIOUS_MOVE = YES;
				CLANG_WARN_UNGUARDED_AVAILABILITY = YES_AGGRESSIVE;
				CLANG_WARN_UNREACHABLE_CODE = YES;
				CLANG_WARN__DUPLICATE_METHOD_MATCH = YES;
				COPY_PHASE_STRIP = NO;
				DEBUG_INFORMATION_FORMAT = dwarf;
				ENABLE_STRICT_OBJC_MSGSEND = YES;
				ENABLE_TESTABILITY = YES;
				GCC_C_LANGUAGE_STANDARD = gnu11;
				GCC_DYNAMIC_NO_PIC = NO;
				GCC_NO_COMMON_BLOCKS = YES;
				GCC_OPTIMIZATION_LEVEL = 0;
				GCC_PREPROCESSOR_DEFINITIONS = (
					"DEBUG=1",
					"$(inherited)",
				);
				GCC_WARN_64_TO_32_BIT_CONVERSION = YES;
				GCC_WARN_ABOUT_RETURN_TYPE = YES_ERROR;
				GCC_WARN_UNDECLARED_SELECTOR = YES;
				GCC_WARN_UNINITIALIZED_AUTOS = YES_AGGRESSIVE;
				GCC_WARN_UNUSED_FUNCTION = YES;
				GCC_WARN_UNUSED_VARIABLE = YES;
				IPHONEOS_DEPLOYMENT_TARGET = 13.0;
				MTL_ENABLE_DEBUG_INFO = INCLUDE_SOURCE;
				MTL_FAST_MATH = YES;
				ONLY_ACTIVE_ARCH = YES;
				SDKROOT = iphoneos;
				SWIFT_ACTIVE_COMPILATION_CONDITIONS = DEBUG;
				SWIFT_OPTIMIZATION_LEVEL = "-Onone";
			};
			name = Debug;
		};
		99F8C5D92725A2410045B8A2 /* Release */ = {
			isa = XCBuildConfiguration;
			buildSettings = {
				ALWAYS_SEARCH_USER_PATHS = NO;
				CLANG_ANALYZER_NONNULL = YES;
				CLANG_ANALYZER_NUMBER_OBJECT_CONVERSION = YES_AGGRESSIVE;
				CLANG_CXX_LANGUAGE_STANDARD = "gnu++17";
				CLANG_CXX_LIBRARY = "libc++";
				CLANG_ENABLE_MODULES = YES;
				CLANG_ENABLE_OBJC_ARC = YES;
				CLANG_ENABLE_OBJC_WEAK = YES;
				CLANG_WARN_BLOCK_CAPTURE_AUTORELEASING = YES;
				CLANG_WARN_BOOL_CONVERSION = YES;
				CLANG_WARN_COMMA = YES;
				CLANG_WARN_CONSTANT_CONVERSION = YES;
				CLANG_WARN_DEPRECATED_OBJC_IMPLEMENTATIONS = YES;
				CLANG_WARN_DIRECT_OBJC_ISA_USAGE = YES_ERROR;
				CLANG_WARN_DOCUMENTATION_COMMENTS = YES;
				CLANG_WARN_EMPTY_BODY = YES;
				CLANG_WARN_ENUM_CONVERSION = YES;
				CLANG_WARN_INFINITE_RECURSION = YES;
				CLANG_WARN_INT_CONVERSION = YES;
				CLANG_WARN_NON_LITERAL_NULL_CONVERSION = YES;
				CLANG_WARN_OBJC_IMPLICIT_RETAIN_SELF = YES;
				CLANG_WARN_OBJC_LITERAL_CONVERSION = YES;
				CLANG_WARN_OBJC_ROOT_CLASS = YES_ERROR;
				CLANG_WARN_QUOTED_INCLUDE_IN_FRAMEWORK_HEADER = YES;
				CLANG_WARN_RANGE_LOOP_ANALYSIS = YES;
				CLANG_WARN_STRICT_PROTOTYPES = YES;
				CLANG_WARN_SUSPICIOUS_MOVE = YES;
				CLANG_WARN_UNGUARDED_AVAILABILITY = YES_AGGRESSIVE;
				CLANG_WARN_UNREACHABLE_CODE = YES;
				CLANG_WARN__DUPLICATE_METHOD_MATCH = YES;
				COPY_PHASE_STRIP = NO;
				DEBUG_INFORMATION_FORMAT = "dwarf-with-dsym";
				ENABLE_NS_ASSERTIONS = NO;
				ENABLE_STRICT_OBJC_MSGSEND = YES;
				GCC_C_LANGUAGE_STANDARD = gnu11;
				GCC_NO_COMMON_BLOCKS = YES;
				GCC_WARN_64_TO_32_BIT_CONVERSION = YES;
				GCC_WARN_ABOUT_RETURN_TYPE = YES_ERROR;
				GCC_WARN_UNDECLARED_SELECTOR = YES;
				GCC_WARN_UNINITIALIZED_AUTOS = YES_AGGRESSIVE;
				GCC_WARN_UNUSED_FUNCTION = YES;
				GCC_WARN_UNUSED_VARIABLE = YES;
				IPHONEOS_DEPLOYMENT_TARGET = 13.0;
				MTL_ENABLE_DEBUG_INFO = NO;
				MTL_FAST_MATH = YES;
				SDKROOT = iphoneos;
				SWIFT_COMPILATION_MODE = wholemodule;
				SWIFT_OPTIMIZATION_LEVEL = "-O";
				VALIDATE_PRODUCT = YES;
			};
			name = Release;
		};
		99F8C5DB2725A2410045B8A2 /* Debug */ = {
			isa = XCBuildConfiguration;
			baseConfigurationReference = 789632E69BFD742460443D0D /* Pods-Contacts.debug.xcconfig */;
			buildSettings = {
				ASSETCATALOG_COMPILER_APPICON_NAME = AppIcon;
				ASSETCATALOG_COMPILER_GLOBAL_ACCENT_COLOR_NAME = AccentColor;
				CODE_SIGN_STYLE = Automatic;
				CURRENT_PROJECT_VERSION = 1;
				DEVELOPMENT_TEAM = FC79WE9757;
				GENERATE_INFOPLIST_FILE = YES;
				INFOPLIST_FILE = Contacts/Info.plist;
				INFOPLIST_KEY_UIApplicationSupportsIndirectInputEvents = YES;
				INFOPLIST_KEY_UILaunchStoryboardName = LaunchScreen;
				INFOPLIST_KEY_UISupportedInterfaceOrientations_iPad = "UIInterfaceOrientationPortrait UIInterfaceOrientationPortraitUpsideDown UIInterfaceOrientationLandscapeLeft UIInterfaceOrientationLandscapeRight";
				INFOPLIST_KEY_UISupportedInterfaceOrientations_iPhone = "UIInterfaceOrientationPortrait UIInterfaceOrientationLandscapeLeft UIInterfaceOrientationLandscapeRight";
				IPHONEOS_DEPLOYMENT_TARGET = 13.0;
				LD_RUNPATH_SEARCH_PATHS = (
					"$(inherited)",
					"@executable_path/Frameworks",
				);
				MARKETING_VERSION = 1.0;
				PRODUCT_BUNDLE_IDENTIFIER = com.monkkey.Contacts;
				PRODUCT_NAME = "$(TARGET_NAME)";
				SWIFT_EMIT_LOC_STRINGS = YES;
				SWIFT_VERSION = 5.0;
				TARGETED_DEVICE_FAMILY = "1,2";
			};
			name = Debug;
		};
		99F8C5DC2725A2410045B8A2 /* Release */ = {
			isa = XCBuildConfiguration;
			baseConfigurationReference = 60E1064F5D2FA7A11BA115F1 /* Pods-Contacts.release.xcconfig */;
			buildSettings = {
				ASSETCATALOG_COMPILER_APPICON_NAME = AppIcon;
				ASSETCATALOG_COMPILER_GLOBAL_ACCENT_COLOR_NAME = AccentColor;
				CODE_SIGN_STYLE = Automatic;
				CURRENT_PROJECT_VERSION = 1;
				DEVELOPMENT_TEAM = FC79WE9757;
				GENERATE_INFOPLIST_FILE = YES;
				INFOPLIST_FILE = Contacts/Info.plist;
				INFOPLIST_KEY_UIApplicationSupportsIndirectInputEvents = YES;
				INFOPLIST_KEY_UILaunchStoryboardName = LaunchScreen;
				INFOPLIST_KEY_UISupportedInterfaceOrientations_iPad = "UIInterfaceOrientationPortrait UIInterfaceOrientationPortraitUpsideDown UIInterfaceOrientationLandscapeLeft UIInterfaceOrientationLandscapeRight";
				INFOPLIST_KEY_UISupportedInterfaceOrientations_iPhone = "UIInterfaceOrientationPortrait UIInterfaceOrientationLandscapeLeft UIInterfaceOrientationLandscapeRight";
				IPHONEOS_DEPLOYMENT_TARGET = 13.0;
				LD_RUNPATH_SEARCH_PATHS = (
					"$(inherited)",
					"@executable_path/Frameworks",
				);
				MARKETING_VERSION = 1.0;
				PRODUCT_BUNDLE_IDENTIFIER = com.monkkey.Contacts;
				PRODUCT_NAME = "$(TARGET_NAME)";
				SWIFT_EMIT_LOC_STRINGS = YES;
				SWIFT_VERSION = 5.0;
				TARGETED_DEVICE_FAMILY = "1,2";
			};
			name = Release;
		};
/* End XCBuildConfiguration section */

/* Begin XCConfigurationList section */
		99F8C5BE2725A23F0045B8A2 /* Build configuration list for PBXProject "Contacts" */ = {
			isa = XCConfigurationList;
			buildConfigurations = (
				99F8C5D82725A2410045B8A2 /* Debug */,
				99F8C5D92725A2410045B8A2 /* Release */,
			);
			defaultConfigurationIsVisible = 0;
			defaultConfigurationName = Release;
		};
		99F8C5DA2725A2410045B8A2 /* Build configuration list for PBXNativeTarget "Contacts" */ = {
			isa = XCConfigurationList;
			buildConfigurations = (
				99F8C5DB2725A2410045B8A2 /* Debug */,
				99F8C5DC2725A2410045B8A2 /* Release */,
			);
			defaultConfigurationIsVisible = 0;
			defaultConfigurationName = Release;
		};
/* End XCConfigurationList section */

/* Begin XCVersionGroup section */
		99F8C5CF2725A23F0045B8A2 /* Contacts.xcdatamodeld */ = {
			isa = XCVersionGroup;
			children = (
				99F8C5D02725A23F0045B8A2 /* Contacts.xcdatamodel */,
			);
			currentVersion = 99F8C5D02725A23F0045B8A2 /* Contacts.xcdatamodel */;
			path = Contacts.xcdatamodeld;
			sourceTree = "<group>";
			versionGroupType = wrapper.xcdatamodel;
		};
/* End XCVersionGroup section */
	};
	rootObject = 99F8C5BB2725A23F0045B8A2 /* Project object */;
}
